
Microsoft Visual Studio Solution File, Format Version 12.00
# Visual Studio 15
VisualStudioVersion = 15.0.26430.15
MinimumVisualStudioVersion = 10.0.40219.1
Project("{9A19103F-16F7-4668-BE54-9A1E7A4F7556}") = "NancyCoreApp", "NancyCoreApp\NancyCoreApp.csproj", "{12A6C20F-F82D-47C1-B7A5-87F9365FEAFA}"
EndProject
Global
	GlobalSection(SolutionConfigurationPlatforms) = preSolution
		Debug|Any CPU = Debug|Any CPU
		Release|Any CPU = Release|Any CPU
	EndGlobalSection
	GlobalSection(ProjectConfigurationPlatforms) = postSolution
		{12A6C20F-F82D-47C1-B7A5-87F9365FEAFA}.Debug|Any CPU.ActiveCfg = Debug|Any CPU
		{12A6C20F-F82D-47C1-B7A5-87F9365FEAFA}.Debug|Any CPU.Build.0 = Debug|Any CPU
		{12A6C20F-F82D-47C1-B7A5-87F9365FEAFA}.Release|Any CPU.ActiveCfg = Release|Any CPU
		{12A6C20F-F82D-47C1-B7A5-87F9365FEAFA}.Release|Any CPU.Build.0 = Release|Any CPU
	EndGlobalSection
	GlobalSection(SolutionProperties) = preSolution
		HideSolutionNode = FALSE
	EndGlobalSection
EndGlobal
